
Microsoft Visual Studio Solution File, Format Version 12.00
# Visual Studio 14
VisualStudioVersion = 14.0.25420.1
MinimumVisualStudioVersion = 10.0.40219.1
Project("{2150E333-8FDC-42A3-9474-1A3956D46DE8}") = "02 - Domain", "02 - Domain", "{1ECF2874-F2FE-4FA0-BAF5-07ED04555D3E}"
EndProject
Project("{2150E333-8FDC-42A3-9474-1A3956D46DE8}") = "03 - Presentation", "03 - Presentation", "{974450AA-422B-4125-AF95-5177736D7813}"
EndProject
Project("{FAE04EC0-301F-11D3-BF4B-00C04F79EFBC}") = "HarpiaGed.Recognition.WebUI", "HarpiaGed.Recognition.WebUI\HarpiaGed.Recognition.WebUI.csproj", "{6AA57B65-9983-4220-8323-B29C9344697E}"
EndProject
Project("{2150E333-8FDC-42A3-9474-1A3956D46DE8}") = "05 - UnitTest", "05 - UnitTest", "{2CBDA264-85AD-4678-A6E2-89069A70AF2E}"
EndProject
Project("{FAE04EC0-301F-11D3-BF4B-00C04F79EFBC}") = "HarpiaGed.Recognition.UnitTest", "HarpiaGed.Recognition.UnitTest\HarpiaGed.Recognition.UnitTest.csproj", "{911C53B3-065C-45C7-AD6F-1F11D2EBCB4B}"
	ProjectSection(ProjectDependencies) = postProject
		{8179F8D7-78BD-4590-82FB-6F1E3453AC71} = {8179F8D7-78BD-4590-82FB-6F1E3453AC71}
	EndProjectSection
EndProject
Project("{2150E333-8FDC-42A3-9474-1A3956D46DE8}") = "04 - Services", "04 - Services", "{5BB8FF1C-4766-46AA-812C-971224983905}"
EndProject
Project("{FAE04EC0-301F-11D3-BF4B-00C04F79EFBC}") = "HarpiaGed.Recognition.WCF", "HarpiaGed.Recognition.WCF\HarpiaGed.Recognition.WCF.csproj", "{8179F8D7-78BD-4590-82FB-6F1E3453AC71}"
EndProject
Project("{2150E333-8FDC-42A3-9474-1A3956D46DE8}") = "00 - Generator", "00 - Generator", "{5D7F7706-0722-4B0B-9E6F-F0D15A80558A}"
EndProject
Project("{FAE04EC0-301F-11D3-BF4B-00C04F79EFBC}") = "Harpia.Generator", "HarpiaGed.Generator\Harpia.Generator.csproj", "{646CEE3E-30D7-4F65-A78F-73AC82E89805}"
EndProject
Project("{2150E333-8FDC-42A3-9474-1A3956D46DE8}") = "01 - Data", "01 - Data", "{4520874B-1D4B-4E32-8342-8CE0140330CF}"
EndProject
Project("{FAE04EC0-301F-11D3-BF4B-00C04F79EFBC}") = "HarpiaGed.Recognition.Data", "HarpiaGed.Recognition.Data\HarpiaGed.Recognition.Data.csproj", "{ACA17272-0229-466C-8E19-DE7D75C1A860}"
EndProject
Project("{FAE04EC0-301F-11D3-BF4B-00C04F79EFBC}") = "HarpiaGed.Recognition.Common", "HarpiaGed.Recognition.Common\HarpiaGed.Recognition.Common.csproj", "{9A9EADA5-B0EE-41CA-AD09-C7AE10D6F9E2}"
EndProject
Global
	GlobalSection(SolutionConfigurationPlatforms) = preSolution
		Debug|Any CPU = Debug|Any CPU
		Release|Any CPU = Release|Any CPU
	EndGlobalSection
	GlobalSection(ProjectConfigurationPlatforms) = postSolution
		{6AA57B65-9983-4220-8323-B29C9344697E}.Debug|Any CPU.ActiveCfg = Debug|Any CPU
		{6AA57B65-9983-4220-8323-B29C9344697E}.Debug|Any CPU.Build.0 = Debug|Any CPU
		{6AA57B65-9983-4220-8323-B29C9344697E}.Release|Any CPU.ActiveCfg = Release|Any CPU
		{6AA57B65-9983-4220-8323-B29C9344697E}.Release|Any CPU.Build.0 = Release|Any CPU
		{911C53B3-065C-45C7-AD6F-1F11D2EBCB4B}.Debug|Any CPU.ActiveCfg = Debug|Any CPU
		{911C53B3-065C-45C7-AD6F-1F11D2EBCB4B}.Debug|Any CPU.Build.0 = Debug|Any CPU
		{911C53B3-065C-45C7-AD6F-1F11D2EBCB4B}.Release|Any CPU.ActiveCfg = Release|Any CPU
		{911C53B3-065C-45C7-AD6F-1F11D2EBCB4B}.Release|Any CPU.Build.0 = Release|Any CPU
		{8179F8D7-78BD-4590-82FB-6F1E3453AC71}.Debug|Any CPU.ActiveCfg = Debug|Any CPU
		{8179F8D7-78BD-4590-82FB-6F1E3453AC71}.Debug|Any CPU.Build.0 = Debug|Any CPU
		{8179F8D7-78BD-4590-82FB-6F1E3453AC71}.Release|Any CPU.ActiveCfg = Release|Any CPU
		{8179F8D7-78BD-4590-82FB-6F1E3453AC71}.Release|Any CPU.Build.0 = Release|Any CPU
		{646CEE3E-30D7-4F65-A78F-73AC82E89805}.Debug|Any CPU.ActiveCfg = Debug|Any CPU
		{646CEE3E-30D7-4F65-A78F-73AC82E89805}.Debug|Any CPU.Build.0 = Debug|Any CPU
		{646CEE3E-30D7-4F65-A78F-73AC82E89805}.Release|Any CPU.ActiveCfg = Release|Any CPU
		{646CEE3E-30D7-4F65-A78F-73AC82E89805}.Release|Any CPU.Build.0 = Release|Any CPU
		{ACA17272-0229-466C-8E19-DE7D75C1A860}.Debug|Any CPU.ActiveCfg = Debug|Any CPU
		{ACA17272-0229-466C-8E19-DE7D75C1A860}.Debug|Any CPU.Build.0 = Debug|Any CPU
		{ACA17272-0229-466C-8E19-DE7D75C1A860}.Release|Any CPU.ActiveCfg = Release|Any CPU
		{ACA17272-0229-466C-8E19-DE7D75C1A860}.Release|Any CPU.Build.0 = Release|Any CPU
		{9A9EADA5-B0EE-41CA-AD09-C7AE10D6F9E2}.Debug|Any CPU.ActiveCfg = Debug|Any CPU
		{9A9EADA5-B0EE-41CA-AD09-C7AE10D6F9E2}.Debug|Any CPU.Build.0 = Debug|Any CPU
		{9A9EADA5-B0EE-41CA-AD09-C7AE10D6F9E2}.Release|Any CPU.ActiveCfg = Release|Any CPU
		{9A9EADA5-B0EE-41CA-AD09-C7AE10D6F9E2}.Release|Any CPU.Build.0 = Release|Any CPU
	EndGlobalSection
	GlobalSection(SolutionProperties) = preSolution
		HideSolutionNode = FALSE
	EndGlobalSection
	GlobalSection(NestedProjects) = preSolution
		{6AA57B65-9983-4220-8323-B29C9344697E} = {974450AA-422B-4125-AF95-5177736D7813}
		{911C53B3-065C-45C7-AD6F-1F11D2EBCB4B} = {2CBDA264-85AD-4678-A6E2-89069A70AF2E}
		{8179F8D7-78BD-4590-82FB-6F1E3453AC71} = {5BB8FF1C-4766-46AA-812C-971224983905}
		{646CEE3E-30D7-4F65-A78F-73AC82E89805} = {5D7F7706-0722-4B0B-9E6F-F0D15A80558A}
		{ACA17272-0229-466C-8E19-DE7D75C1A860} = {4520874B-1D4B-4E32-8342-8CE0140330CF}
		{9A9EADA5-B0EE-41CA-AD09-C7AE10D6F9E2} = {4520874B-1D4B-4E32-8342-8CE0140330CF}
	EndGlobalSection
EndGlobal
